
Microsoft Visual Studio Solution File, Format Version 12.00
# Visual Studio 15
VisualStudioVersion = 15.0.28307.1684
MinimumVisualStudioVersion = 10.0.40219.1
Project("{FAE04EC0-301F-11D3-BF4B-00C04F79EFBC}") = "Sentencer", "Sentencer\Sentencer.csproj", "{14488AB2-4608-4290-8F99-1F40E3820818}"
EndProject
Global
	GlobalSection(SolutionConfigurationPlatforms) = preSolution
		Debug|Any CPU = Debug|Any CPU
		Release|Any CPU = Release|Any CPU
	EndGlobalSection
	GlobalSection(ProjectConfigurationPlatforms) = postSolution
		{14488AB2-4608-4290-8F99-1F40E3820818}.Debug|Any CPU.ActiveCfg = Debug|Any CPU
		{14488AB2-4608-4290-8F99-1F40E3820818}.Debug|Any CPU.Build.0 = Debug|Any CPU
		{14488AB2-4608-4290-8F99-1F40E3820818}.Release|Any CPU.ActiveCfg = Release|Any CPU
		{14488AB2-4608-4290-8F99-1F40E3820818}.Release|Any CPU.Build.0 = Release|Any CPU
	EndGlobalSection
	GlobalSection(SolutionProperties) = preSolution
		HideSolutionNode = FALSE
	EndGlobalSection
	GlobalSection(ExtensibilityGlobals) = postSolution
		SolutionGuid = {591A7403-34A5-405D-A551-4744775C161A}
	EndGlobalSection
EndGlobal
